
Microsoft Visual Studio Solution File, Format Version 12.00
# Visual Studio Version 16
VisualStudioVersion = 16.0.30011.22
MinimumVisualStudioVersion = 10.0.40219.1
Project("{FAE04EC0-301F-11D3-BF4B-00C04F79EFBC}") = "BusinessLogic", "BusinessLogic\BusinessLogic.csproj", "{459986D3-3307-43C2-B7F4-27CA807DB24D}"
EndProject
Global
	GlobalSection(SolutionConfigurationPlatforms) = preSolution
		Debug|Any CPU = Debug|Any CPU
		Release|Any CPU = Release|Any CPU
	EndGlobalSection
	GlobalSection(ProjectConfigurationPlatforms) = postSolution
		{459986D3-3307-43C2-B7F4-27CA807DB24D}.Debug|Any CPU.ActiveCfg = Debug|Any CPU
		{459986D3-3307-43C2-B7F4-27CA807DB24D}.Debug|Any CPU.Build.0 = Debug|Any CPU
		{459986D3-3307-43C2-B7F4-27CA807DB24D}.Release|Any CPU.ActiveCfg = Release|Any CPU
		{459986D3-3307-43C2-B7F4-27CA807DB24D}.Release|Any CPU.Build.0 = Release|Any CPU
	EndGlobalSection
	GlobalSection(SolutionProperties) = preSolution
		HideSolutionNode = FALSE
	EndGlobalSection
	GlobalSection(ExtensibilityGlobals) = postSolution
		SolutionGuid = {A751E6E6-E967-48DF-B9E8-7762DAE3D5F1}
	EndGlobalSection
EndGlobal
